// !$*UTF8*$!
{
	archiveVersion = 1;
	classes = {
	};
	objectVersion = 48;
	objects = {

/* Begin PBXBuildFile section */
		3977AF3D2060DD29002AB3FD /* AppDelegate.swift in Sources */ = {isa = PBXBuildFile; fileRef = 3977AF3C2060DD29002AB3FD /* AppDelegate.swift */; };
		3977AF3F2060DD29002AB3FD /* ViewController.swift in Sources */ = {isa = PBXBuildFile; fileRef = 3977AF3E2060DD29002AB3FD /* ViewController.swift */; };
		3977AF422060DD29002AB3FD /* Main.storyboard in Resources */ = {isa = PBXBuildFile; fileRef = 3977AF402060DD29002AB3FD /* Main.storyboard */; };
		3977AF442060DD29002AB3FD /* Assets.xcassets in Resources */ = {isa = PBXBuildFile; fileRef = 3977AF432060DD29002AB3FD /* Assets.xcassets */; };
		3977AF472060DD29002AB3FD /* LaunchScreen.storyboard in Resources */ = {isa = PBXBuildFile; fileRef = 3977AF452060DD29002AB3FD /* LaunchScreen.storyboard */; };
		3977AF522060DD29002AB3FD /* MemoryGameTests.swift in Sources */ = {isa = PBXBuildFile; fileRef = 3977AF512060DD29002AB3FD /* MemoryGameTests.swift */; };
		3977AF5D2060DD2A002AB3FD /* MemoryGameUITests.swift in Sources */ = {isa = PBXBuildFile; fileRef = 3977AF5C2060DD2A002AB3FD /* MemoryGameUITests.swift */; };
/* End PBXBuildFile section */

/* Begin PBXContainerItemProxy section */
		3977AF4E2060DD29002AB3FD /* PBXContainerItemProxy */ = {
			isa = PBXContainerItemProxy;
			containerPortal = 3977AF312060DD29002AB3FD /* Project object */;
			proxyType = 1;
			remoteGlobalIDString = 3977AF382060DD29002AB3FD;
			remoteInfo = MemoryGame;
		};
		3977AF592060DD2A002AB3FD /* PBXContainerItemProxy */ = {
			isa = PBXContainerItemProxy;
			containerPortal = 3977AF312060DD29002AB3FD /* Project object */;
			proxyType = 1;
			remoteGlobalIDString = 3977AF382060DD29002AB3FD;
			remoteInfo = MemoryGame;
		};
/* End PBXContainerItemProxy section */

/* Begin PBXFileReference section */
		3977AF392060DD29002AB3FD /* MemoryGame.app */ = {isa = PBXFileReference; explicitFileType = wrapper.application; includeInIndex = 0; path = MemoryGame.app; sourceTree = BUILT_PRODUCTS_DIR; };
		3977AF3C2060DD29002AB3FD /* AppDelegate.swift */ = {isa = PBXFileReference; lastKnownFileType = sourcecode.swift; path = AppDelegate.swift; sourceTree = "<group>"; };
		3977AF3E2060DD29002AB3FD /* ViewController.swift */ = {isa = PBXFileReference; lastKnownFileType = sourcecode.swift; path = ViewController.swift; sourceTree = "<group>"; };
		3977AF412060DD29002AB3FD /* Base */ = {isa = PBXFileReference; lastKnownFileType = file.storyboard; name = Base; path = Base.lproj/Main.storyboard; sourceTree = "<group>"; };
		3977AF432060DD29002AB3FD /* Assets.xcassets */ = {isa = PBXFileReference; lastKnownFileType = folder.assetcatalog; path = Assets.xcassets; sourceTree = "<group>"; };
		3977AF462060DD29002AB3FD /* Base */ = {isa = PBXFileReference; lastKnownFileType = file.storyboard; name = Base; path = Base.lproj/LaunchScreen.storyboard; sourceTree = "<group>"; };
		3977AF482060DD29002AB3FD /* Info.plist */ = {isa = PBXFileReference; lastKnownFileType = text.plist.xml; path = Info.plist; sourceTree = "<group>"; };
		3977AF4D2060DD29002AB3FD /* MemoryGameTests.xctest */ = {isa = PBXFileReference; explicitFileType = wrapper.cfbundle; includeInIndex = 0; path = MemoryGameTests.xctest; sourceTree = BUILT_PRODUCTS_DIR; };
		3977AF512060DD29002AB3FD /* MemoryGameTests.swift */ = {isa = PBXFileReference; lastKnownFileType = sourcecode.swift; path = MemoryGameTests.swift; sourceTree = "<group>"; };
		3977AF532060DD2A002AB3FD /* Info.plist */ = {isa = PBXFileReference; lastKnownFileType = text.plist.xml; path = Info.plist; sourceTree = "<group>"; };
		3977AF582060DD2A002AB3FD /* MemoryGameUITests.xctest */ = {isa = PBXFileReference; explicitFileType = wrapper.cfbundle; includeInIndex = 0; path = MemoryGameUITests.xctest; sourceTree = BUILT_PRODUCTS_DIR; };
		3977AF5C2060DD2A002AB3FD /* MemoryGameUITests.swift */ = {isa = PBXFileReference; lastKnownFileType = sourcecode.swift; path = MemoryGameUITests.swift; sourceTree = "<group>"; };
		3977AF5E2060DD2A002AB3FD /* Info.plist */ = {isa = PBXFileReference; lastKnownFileType = text.plist.xml; path = Info.plist; sourceTree = "<group>"; };
/* End PBXFileReference section */

/* Begin PBXFrameworksBuildPhase section */
		3977AF362060DD29002AB3FD /* Frameworks */ = {
			isa = PBXFrameworksBuildPhase;
			buildActionMask = 2147483647;
			files = (
			);
			runOnlyForDeploymentPostprocessing = 0;
		};
		3977AF4A2060DD29002AB3FD /* Frameworks */ = {
			isa = PBXFrameworksBuildPhase;
			buildActionMask = 2147483647;
			files = (
			);
			runOnlyForDeploymentPostprocessing = 0;
		};
		3977AF552060DD2A002AB3FD /* Frameworks */ = {
			isa = PBXFrameworksBuildPhase;
			buildActionMask = 2147483647;
			files = (
			);
			runOnlyForDeploymentPostprocessing = 0;
		};
/* End PBXFrameworksBuildPhase section */

/* Begin PBXGroup section */
		3977AF302060DD29002AB3FD = {
			isa = PBXGroup;
			children = (
				3977AF3B2060DD29002AB3FD /* MemoryGame */,
				3977AF502060DD29002AB3FD /* MemoryGameTests */,
				3977AF5B2060DD2A002AB3FD /* MemoryGameUITests */,
				3977AF3A2060DD29002AB3FD /* Products */,
			);
			sourceTree = "<group>";
		};
		3977AF3A2060DD29002AB3FD /* Products */ = {
			isa = PBXGroup;
			children = (
				3977AF392060DD29002AB3FD /* MemoryGame.app */,
				3977AF4D2060DD29002AB3FD /* MemoryGameTests.xctest */,
				3977AF582060DD2A002AB3FD /* MemoryGameUITests.xctest */,
			);
			name = Products;
			sourceTree = "<group>";
		};
		3977AF3B2060DD29002AB3FD /* MemoryGame */ = {
			isa = PBXGroup;
			children = (
				3977AF3C2060DD29002AB3FD /* AppDelegate.swift */,
				3977AF3E2060DD29002AB3FD /* ViewController.swift */,
				3977AF402060DD29002AB3FD /* Main.storyboard */,
				3977AF432060DD29002AB3FD /* Assets.xcassets */,
				3977AF452060DD29002AB3FD /* LaunchScreen.storyboard */,
				3977AF482060DD29002AB3FD /* Info.plist */,
			);
			path = MemoryGame;
			sourceTree = "<group>";
		};
		3977AF502060DD29002AB3FD /* MemoryGameTests */ = {
			isa = PBXGroup;
			children = (
				3977AF512060DD29002AB3FD /* MemoryGameTests.swift */,
				3977AF532060DD2A002AB3FD /* Info.plist */,
			);
			path = MemoryGameTests;
			sourceTree = "<group>";
		};
		3977AF5B2060DD2A002AB3FD /* MemoryGameUITests */ = {
			isa = PBXGroup;
			children = (
				3977AF5C2060DD2A002AB3FD /* MemoryGameUITests.swift */,
				3977AF5E2060DD2A002AB3FD /* Info.plist */,
			);
			path = MemoryGameUITests;
			sourceTree = "<group>";
		};
/* End PBXGroup section */

/* Begin PBXNativeTarget section */
		3977AF382060DD29002AB3FD /* MemoryGame */ = {
			isa = PBXNativeTarget;
			buildConfigurationList = 3977AF612060DD2A002AB3FD /* Build configuration list for PBXNativeTarget "MemoryGame" */;
			buildPhases = (
				3977AF352060DD29002AB3FD /* Sources */,
				3977AF362060DD29002AB3FD /* Frameworks */,
				3977AF372060DD29002AB3FD /* Resources */,
			);
			buildRules = (
			);
			dependencies = (
			);
			name = MemoryGame;
			productName = MemoryGame;
			productReference = 3977AF392060DD29002AB3FD /* MemoryGame.app */;
			productType = "com.apple.product-type.application";
		};
		3977AF4C2060DD29002AB3FD /* MemoryGameTests */ = {
			isa = PBXNativeTarget;
			buildConfigurationList = 3977AF642060DD2A002AB3FD /* Build configuration list for PBXNativeTarget "MemoryGameTests" */;
			buildPhases = (
				3977AF492060DD29002AB3FD /* Sources */,
				3977AF4A2060DD29002AB3FD /* Frameworks */,
				3977AF4B2060DD29002AB3FD /* Resources */,
			);
			buildRules = (
			);
			dependencies = (
				3977AF4F2060DD29002AB3FD /* PBXTargetDependency */,
			);
			name = MemoryGameTests;
			productName = MemoryGameTests;
			productReference = 3977AF4D2060DD29002AB3FD /* MemoryGameTests.xctest */;
			productType = "com.apple.product-type.bundle.unit-test";
		};
		3977AF572060DD2A002AB3FD /* MemoryGameUITests */ = {
			isa = PBXNativeTarget;
			buildConfigurationList = 3977AF672060DD2A002AB3FD /* Build configuration list for PBXNativeTarget "MemoryGameUITests" */;
			buildPhases = (
				3977AF542060DD2A002AB3FD /* Sources */,
				3977AF552060DD2A002AB3FD /* Frameworks */,
				3977AF562060DD2A002AB3FD /* Resources */,
			);
			buildRules = (
			);
			dependencies = (
				3977AF5A2060DD2A002AB3FD /* PBXTargetDependency */,
			);
			name = MemoryGameUITests;
			productName = MemoryGameUITests;
			productReference = 3977AF582060DD2A002AB3FD /* MemoryGameUITests.xctest */;
			productType = "com.apple.product-type.bundle.ui-testing";
		};
/* End PBXNativeTarget section */

/* Begin PBXProject section */
		3977AF312060DD29002AB3FD /* Project object */ = {
			isa = PBXProject;
			attributes = {
				LastSwiftUpdateCheck = 0920;
				LastUpgradeCheck = 0920;
				ORGANIZATIONNAME = "";
				TargetAttributes = {
					3977AF382060DD29002AB3FD = {
						CreatedOnToolsVersion = 9.2;
						ProvisioningStyle = Automatic;
					};
					3977AF4C2060DD29002AB3FD = {
						CreatedOnToolsVersion = 9.2;
						ProvisioningStyle = Automatic;
						TestTargetID = 3977AF382060DD29002AB3FD;
					};
					3977AF572060DD2A002AB3FD = {
						CreatedOnToolsVersion = 9.2;
						ProvisioningStyle = Automatic;
						TestTargetID = 3977AF382060DD29002AB3FD;
					};
				};
			};
			buildConfigurationList = 3977AF342060DD29002AB3FD /* Build configuration list for PBXProject "MemoryGame" */;
			compatibilityVersion = "Xcode 8.0";
			developmentRegion = en;
			hasScannedForEncodings = 0;
			knownRegions = (
				en,
				Base,
			);
			mainGroup = 3977AF302060DD29002AB3FD;
			productRefGroup = 3977AF3A2060DD29002AB3FD /* Products */;
			projectDirPath = "";
			projectRoot = "";
			targets = (
				3977AF382060DD29002AB3FD /* MemoryGame */,
				3977AF4C2060DD29002AB3FD /* MemoryGameTests */,
				3977AF572060DD2A002AB3FD /* MemoryGameUITests */,
			);
		};
/* End PBXProject section */

/* Begin PBXResourcesBuildPhase section */
		3977AF372060DD29002AB3FD /* Resources */ = {
			isa = PBXResourcesBuildPhase;
			buildActionMask = 2147483647;
			files = (
				3977AF472060DD29002AB3FD /* LaunchScreen.storyboard in Resources */,
				3977AF442060DD29002AB3FD /* Assets.xcassets in Resources */,
				3977AF422060DD29002AB3FD /* Main.storyboard in Resources */,
			);
			runOnlyForDeploymentPostprocessing = 0;
		};
		3977AF4B2060DD29002AB3FD /* Resources */ = {
			isa = PBXResourcesBuildPhase;
			buildActionMask = 2147483647;
			files = (
			);
			runOnlyForDeploymentPostprocessing = 0;
		};
		3977AF562060DD2A002AB3FD /* Resources */ = {
			isa = PBXResourcesBuildPhase;
			buildActionMask = 2147483647;
			files = (
			);
			runOnlyForDeploymentPostprocessing = 0;
		};
/* End PBXResourcesBuildPhase section */

/* Begin PBXSourcesBuildPhase section */
		3977AF352060DD29002AB3FD /* Sources */ = {
			isa = PBXSourcesBuildPhase;
			buildActionMask = 2147483647;
			files = (
				3977AF3F2060DD29002AB3FD /* ViewController.swift in Sources */,
				3977AF3D2060DD29002AB3FD /* AppDelegate.swift in Sources */,
			);
			runOnlyForDeploymentPostprocessing = 0;
		};
		3977AF492060DD29002AB3FD /* Sources */ = {
			isa = PBXSourcesBuildPhase;
			buildActionMask = 2147483647;
			files = (
				3977AF522060DD29002AB3FD /* MemoryGameTests.swift in Sources */,
			);
			runOnlyForDeploymentPostprocessing = 0;
		};
		3977AF542060DD2A002AB3FD /* Sources */ = {
			isa = PBXSourcesBuildPhase;
			buildActionMask = 2147483647;
			files = (
				3977AF5D2060DD2A002AB3FD /* MemoryGameUITests.swift in Sources */,
			);
			runOnlyForDeploymentPostprocessing = 0;
		};
/* End PBXSourcesBuildPhase section */

/* Begin PBXTargetDependency section */
		3977AF4F2060DD29002AB3FD /* PBXTargetDependency */ = {
			isa = PBXTargetDependency;
			target = 3977AF382060DD29002AB3FD /* MemoryGame */;
			targetProxy = 3977AF4E2060DD29002AB3FD /* PBXContainerItemProxy */;
		};
		3977AF5A2060DD2A002AB3FD /* PBXTargetDependency */ = {
			isa = PBXTargetDependency;
			target = 3977AF382060DD29002AB3FD /* MemoryGame */;
			targetProxy = 3977AF592060DD2A002AB3FD /* PBXContainerItemProxy */;
		};
/* End PBXTargetDependency section */

/* Begin PBXVariantGroup section */
		3977AF402060DD29002AB3FD /* Main.storyboard */ = {
			isa = PBXVariantGroup;
			children = (
				3977AF412060DD29002AB3FD /* Base */,
			);
			name = Main.storyboard;
			sourceTree = "<group>";
		};
		3977AF452060DD29002AB3FD /* LaunchScreen.storyboard */ = {
			isa = PBXVariantGroup;
			children = (
				3977AF462060DD29002AB3FD /* Base */,
			);
			name = LaunchScreen.storyboard;
			sourceTree = "<group>";
		};
/* End PBXVariantGroup section */

/* Begin XCBuildConfiguration section */
		3977AF5F2060DD2A002AB3FD /* Debug */ = {
			isa = XCBuildConfiguration;
			buildSettings = {
				ALWAYS_SEARCH_USER_PATHS = NO;
				CLANG_ANALYZER_NONNULL = YES;
				CLANG_ANALYZER_NUMBER_OBJECT_CONVERSION = YES_AGGRESSIVE;
				CLANG_CXX_LANGUAGE_STANDARD = "gnu++14";
				CLANG_CXX_LIBRARY = "libc++";
				CLANG_ENABLE_MODULES = YES;
				CLANG_ENABLE_OBJC_ARC = YES;
				CLANG_WARN_BLOCK_CAPTURE_AUTORELEASING = YES;
				CLANG_WARN_BOOL_CONVERSION = YES;
				CLANG_WARN_COMMA = YES;
				CLANG_WARN_CONSTANT_CONVERSION = YES;
				CLANG_WARN_DIRECT_OBJC_ISA_USAGE = YES_ERROR;
				CLANG_WARN_DOCUMENTATION_COMMENTS = YES;
				CLANG_WARN_EMPTY_BODY = YES;
				CLANG_WARN_ENUM_CONVERSION = YES;
				CLANG_WARN_INFINITE_RECURSION = YES;
				CLANG_WARN_INT_CONVERSION = YES;
				CLANG_WARN_NON_LITERAL_NULL_CONVERSION = YES;
				CLANG_WARN_OBJC_LITERAL_CONVERSION = YES;
				CLANG_WARN_OBJC_ROOT_CLASS = YES_ERROR;
				CLANG_WARN_RANGE_LOOP_ANALYSIS = YES;
				CLANG_WARN_STRICT_PROTOTYPES = YES;
				CLANG_WARN_SUSPICIOUS_MOVE = YES;
				CLANG_WARN_UNGUARDED_AVAILABILITY = YES_AGGRESSIVE;
				CLANG_WARN_UNREACHABLE_CODE = YES;
				CLANG_WARN__DUPLICATE_METHOD_MATCH = YES;
				CODE_SIGN_IDENTITY = "iPhone Developer";
				COPY_PHASE_STRIP = NO;
				DEBUG_INFORMATION_FORMAT = dwarf;
				ENABLE_STRICT_OBJC_MSGSEND = YES;
				ENABLE_TESTABILITY = YES;
				GCC_C_LANGUAGE_STANDARD = gnu11;
				GCC_DYNAMIC_NO_PIC = NO;
				GCC_NO_COMMON_BLOCKS = YES;
				GCC_OPTIMIZATION_LEVEL = 0;
				GCC_PREPROCESSOR_DEFINITIONS = (
					"DEBUG=1",
					"$(inherited)",
				);
				GCC_WARN_64_TO_32_BIT_CONVERSION = YES;
				GCC_WARN_ABOUT_RETURN_TYPE = YES_ERROR;
				GCC_WARN_UNDECLARED_SELECTOR = YES;
				GCC_WARN_UNINITIALIZED_AUTOS = YES_AGGRESSIVE;
				GCC_WARN_UNUSED_FUNCTION = YES;
				GCC_WARN_UNUSED_VARIABLE = YES;
				IPHONEOS_DEPLOYMENT_TARGET = 10.0;
				MTL_ENABLE_DEBUG_INFO = YES;
				ONLY_ACTIVE_ARCH = YES;
				SDKROOT = iphoneos;
				SWIFT_ACTIVE_COMPILATION_CONDITIONS = DEBUG;
				SWIFT_OPTIMIZATION_LEVEL = "-Onone";
			};
			name = Debug;
		};
		3977AF602060DD2A002AB3FD /* Release */ = {
			isa = XCBuildConfiguration;
			buildSettings = {
				ALWAYS_SEARCH_USER_PATHS = NO;
				CLANG_ANALYZER_NONNULL = YES;
				CLANG_ANALYZER_NUMBER_OBJECT_CONVERSION = YES_AGGRESSIVE;
				CLANG_CXX_LANGUAGE_STANDARD = "gnu++14";
				CLANG_CXX_LIBRARY = "libc++";
				CLANG_ENABLE_MODULES = YES;
				CLANG_ENABLE_OBJC_ARC = YES;
				CLANG_WARN_BLOCK_CAPTURE_AUTORELEASING = YES;
				CLANG_WARN_BOOL_CONVERSION = YES;
				CLANG_WARN_COMMA = YES;
				CLANG_WARN_CONSTANT_CONVERSION = YES;
				CLANG_WARN_DIRECT_OBJC_ISA_USAGE = YES_ERROR;
				CLANG_WARN_DOCUMENTATION_COMMENTS = YES;
				CLANG_WARN_EMPTY_BODY = YES;
				CLANG_WARN_ENUM_CONVERSION = YES;
				CLANG_WARN_INFINITE_RECURSION = YES;
				CLANG_WARN_INT_CONVERSION = YES;
				CLANG_WARN_NON_LITERAL_NULL_CONVERSION = YES;
				CLANG_WARN_OBJC_LITERAL_CONVERSION = YES;
				CLANG_WARN_OBJC_ROOT_CLASS = YES_ERROR;
				CLANG_WARN_RANGE_LOOP_ANALYSIS = YES;
				CLANG_WARN_STRICT_PROTOTYPES = YES;
				CLANG_WARN_SUSPICIOUS_MOVE = YES;
				CLANG_WARN_UNGUARDED_AVAILABILITY = YES_AGGRESSIVE;
				CLANG_WARN_UNREACHABLE_CODE = YES;
				CLANG_WARN__DUPLICATE_METHOD_MATCH = YES;
				CODE_SIGN_IDENTITY = "iPhone Developer";
				COPY_PHASE_STRIP = NO;
				DEBUG_INFORMATION_FORMAT = "dwarf-with-dsym";
				ENABLE_NS_ASSERTIONS = NO;
				ENABLE_STRICT_OBJC_MSGSEND = YES;
				GCC_C_LANGUAGE_STANDARD = gnu11;
				GCC_NO_COMMON_BLOCKS = YES;
				GCC_WARN_64_TO_32_BIT_CONVERSION = YES;
				GCC_WARN_ABOUT_RETURN_TYPE = YES_ERROR;
				GCC_WARN_UNDECLARED_SELECTOR = YES;
				GCC_WARN_UNINITIALIZED_AUTOS = YES_AGGRESSIVE;
				GCC_WARN_UNUSED_FUNCTION = YES;
				GCC_WARN_UNUSED_VARIABLE = YES;
				IPHONEOS_DEPLOYMENT_TARGET = 10.0;
				MTL_ENABLE_DEBUG_INFO = NO;
				SDKROOT = iphoneos;
				SWIFT_OPTIMIZATION_LEVEL = "-Owholemodule";
				VALIDATE_PRODUCT = YES;
			};
			name = Release;
		};
		3977AF622060DD2A002AB3FD /* Debug */ = {
			isa = XCBuildConfiguration;
			buildSettings = {
				ASSETCATALOG_COMPILER_APPICON_NAME = AppIcon;
				CODE_SIGN_STYLE = Automatic;
				DEVELOPMENT_TEAM = SS7THTF9L5;
				INFOPLIST_FILE = MemoryGame/Info.plist;
				LD_RUNPATH_SEARCH_PATHS = "$(inherited) @executable_path/Frameworks";
				PRODUCT_BUNDLE_IDENTIFIER = com.gabby;
				PRODUCT_NAME = "$(TARGET_NAME)";
				SWIFT_VERSION = 4.0;
				TARGETED_DEVICE_FAMILY = "1,2";
			};
			name = Debug;
		};
		3977AF632060DD2A002AB3FD /* Release */ = {
			isa = XCBuildConfiguration;
			buildSettings = {
				ASSETCATALOG_COMPILER_APPICON_NAME = AppIcon;
				CODE_SIGN_STYLE = Automatic;
				DEVELOPMENT_TEAM = SS7THTF9L5;
				INFOPLIST_FILE = MemoryGame/Info.plist;
				LD_RUNPATH_SEARCH_PATHS = "$(inherited) @executable_path/Frameworks";
				PRODUCT_BUNDLE_IDENTIFIER = com.gabby;
				PRODUCT_NAME = "$(TARGET_NAME)";
				SWIFT_VERSION = 4.0;
				TARGETED_DEVICE_FAMILY = "1,2";
			};
			name = Release;
		};
		3977AF652060DD2A002AB3FD /* Debug */ = {
			isa = XCBuildConfiguration;
			buildSettings = {
				ALWAYS_EMBED_SWIFT_STANDARD_LIBRARIES = YES;
				BUNDLE_LOADER = "$(TEST_HOST)";
				CODE_SIGN_STYLE = Automatic;
				INFOPLIST_FILE = MemoryGameTests/Info.plist;
				LD_RUNPATH_SEARCH_PATHS = "$(inherited) @executable_path/Frameworks @loader_path/Frameworks";
				PRODUCT_BUNDLE_IDENTIFIER = deakin.MemoryGameTests;
				PRODUCT_NAME = "$(TARGET_NAME)";
				SWIFT_VERSION = 4.0;
				TARGETED_DEVICE_FAMILY = "1,2";
				TEST_HOST = "$(BUILT_PRODUCTS_DIR)/MemoryGame.app/MemoryGame";
			};
			name = Debug;
		};
		3977AF662060DD2A002AB3FD /* Release */ = {
			isa = XCBuildConfiguration;
			buildSettings = {
				ALWAYS_EMBED_SWIFT_STANDARD_LIBRARIES = YES;
				BUNDLE_LOADER = "$(TEST_HOST)";
				CODE_SIGN_STYLE = Automatic;
				INFOPLIST_FILE = MemoryGameTests/Info.plist;
				LD_RUNPATH_SEARCH_PATHS = "$(inherited) @executable_path/Frameworks @loader_path/Frameworks";
				PRODUCT_BUNDLE_IDENTIFIER = deakin.MemoryGameTests;
				PRODUCT_NAME = "$(TARGET_NAME)";
				SWIFT_VERSION = 4.0;
				TARGETED_DEVICE_FAMILY = "1,2";
				TEST_HOST = "$(BUILT_PRODUCTS_DIR)/MemoryGame.app/MemoryGame";
			};
			name = Release;
		};
		3977AF682060DD2A002AB3FD /* Debug */ = {
			isa = XCBuildConfiguration;
			buildSettings = {
				ALWAYS_EMBED_SWIFT_STANDARD_LIBRARIES = YES;
				CODE_SIGN_STYLE = Automatic;
				INFOPLIST_FILE = MemoryGameUITests/Info.plist;
				LD_RUNPATH_SEARCH_PATHS = "$(inherited) @executable_path/Frameworks @loader_path/Frameworks";
				PRODUCT_BUNDLE_IDENTIFIER = gabby.MemoryGameUITests;
				PRODUCT_NAME = "$(TARGET_NAME)";
				SWIFT_VERSION = 4.0;
				TARGETED_DEVICE_FAMILY = "1,2";
				TEST_TARGET_NAME = MemoryGame;
			};
			name = Debug;
		};
		3977AF692060DD2A002AB3FD /* Release */ = {
			isa = XCBuildConfiguration;
			buildSettings = {
				ALWAYS_EMBED_SWIFT_STANDARD_LIBRARIES = YES;
				CODE_SIGN_STYLE = Automatic;
				INFOPLIST_FILE = MemoryGameUITests/Info.plist;
				LD_RUNPATH_SEARCH_PATHS = "$(inherited) @executable_path/Frameworks @loader_path/Frameworks";
				PRODUCT_BUNDLE_IDENTIFIER = gabby.MemoryGameUITests;
				PRODUCT_NAME = "$(TARGET_NAME)";
				SWIFT_VERSION = 4.0;
				TARGETED_DEVICE_FAMILY = "1,2";
				TEST_TARGET_NAME = MemoryGame;
			};
			name = Release;
		};
/* End XCBuildConfiguration section */

/* Begin XCConfigurationList section */
		3977AF342060DD29002AB3FD /* Build configuration list for PBXProject "MemoryGame" */ = {
			isa = XCConfigurationList;
			buildConfigurations = (
				3977AF5F2060DD2A002AB3FD /* Debug */,
				3977AF602060DD2A002AB3FD /* Release */,
			);
			defaultConfigurationIsVisible = 0;
			defaultConfigurationName = Release;
		};
		3977AF612060DD2A002AB3FD /* Build configuration list for PBXNativeTarget "MemoryGame" */ = {
			isa = XCConfigurationList;
			buildConfigurations = (
				3977AF622060DD2A002AB3FD /* Debug */,
				3977AF632060DD2A002AB3FD /* Release */,
			);
			defaultConfigurationIsVisible = 0;
			defaultConfigurationName = Release;
		};
		3977AF642060DD2A002AB3FD /* Build configuration list for PBXNativeTarget "MemoryGameTests" */ = {
			isa = XCConfigurationList;
			buildConfigurations = (
				3977AF652060DD2A002AB3FD /* Debug */,
				3977AF662060DD2A002AB3FD /* Release */,
			);
			defaultConfigurationIsVisible = 0;
			defaultConfigurationName = Release;
		};
		3977AF672060DD2A002AB3FD /* Build configuration list for PBXNativeTarget "MemoryGameUITests" */ = {
			isa = XCConfigurationList;
			buildConfigurations = (
				3977AF682060DD2A002AB3FD /* Debug */,
				3977AF692060DD2A002AB3FD /* Release */,
			);
			defaultConfigurationIsVisible = 0;
			defaultConfigurationName = Release;
		};
/* End XCConfigurationList section */
	};
	rootObject = 3977AF312060DD29002AB3FD /* Project object */;
}
